{
  "lockfile_version": "1",
  "packages": {
    "github:NixOS/nixpkgs/nixpkgs-unstable": {
      "resolved": "github:NixOS/nixpkgs/573c650e8a14b2faa0041645ab18aed7e60f0c9a?lastModified=1741865919&narHash=sha256-4thdbnP6dlbdq%2BqZWTsm4ffAwoS8Tiq1YResB%2BRP6WE%3D"
    },
    "go@latest": {
      "last_modified": "2024-12-23T21:10:33Z",
      "resolved": "github:NixOS/nixpkgs/de1864217bfa9b5845f465e771e0ecb48b30e02d#go",
      "source": "devbox-search",
      "version": "1.23.4",
      "systems": {
        "aarch64-darwin": {
          "outputs": [
            {
              "name": "out",
              "path": "/nix/store/bva4mymi5b2lhvvbccx8ipws89rar1d8-go-1.23.4",
              "default": true
            }
          ],
          "store_path": "/nix/store/bva4mymi5b2lhvvbccx8ipws89rar1d8-go-1.23.4"
        },
        "aarch64-linux": {
          "outputs": [
            {
              "name": "out",
              "path": "/nix/store/9lvi0l2yf6bwamsjs5d5n9i57c6kbd2c-go-1.23.4",
              "default": true
            }
          ],
          "store_path": "/nix/store/9lvi0l2yf6bwamsjs5d5n9i57c6kbd2c-go-1.23.4"
        },
        "x86_64-darwin": {
          "outputs": [
            {
              "name": "out",
              "path": "/nix/store/sf1y7x29wvp9lppx5ya9h5b42fcmxb32-go-1.23.4",
              "default": true
            }
          ],
          "store_path": "/nix/store/sf1y7x29wvp9lppx5ya9h5b42fcmxb32-go-1.23.4"
        },
        "x86_64-linux": {
          "outputs": [
            {
              "name": "out",
              "path": "/nix/store/jfv85qbj4vb1dafcg6kncg4vrbq2bbxv-go-1.23.4",
              "default": true
            }
          ],
          "store_path": "/nix/store/jfv85qbj4vb1dafcg6kncg4vrbq2bbxv-go-1.23.4"
        }
      }
    },
    "just@latest": {
      "last_modified": "2025-03-08T03:02:36Z",
      "resolved": "github:NixOS/nixpkgs/ed0b1881565c1ffef490c10d663d4f542031dad3#just",
      "source": "devbox-search",
      "version": "1.39.0",
      "systems": {
        "aarch64-darwin": {
          "outputs": [
            {
              "name": "out",
              "path": "/nix/store/cslyf682nb9m345r2yi7jgjcjizxlifk-just-1.39.0",
              "default": true
            },
            {
              "name": "man",
              "path": "/nix/store/3j8qhpc361aw0kzn4r8nlkn0v4k93vb4-just-1.39.0-man",
              "default": true
            },
            {
              "name": "doc",
              "path": "/nix/store/mlzxqxim51iv7813np4mljf234vgxz0x-just-1.39.0-doc"
            }
          ],
          "store_path": "/nix/store/cslyf682nb9m345r2yi7jgjcjizxlifk-just-1.39.0"
        },
        "aarch64-linux": {
          "outputs": [
            {
              "name": "out",
              "path": "/nix/store/nrna4lsqfbqppzi4rkqx1lxhz76a8dpf-just-1.39.0",
              "default": true
            },
            {
              "name": "man",
              "path": "/nix/store/r4cks6hdif2ldgpgk16ymiww71xyi9gm-just-1.39.0-man",
              "default": true
            },
            {
              "name": "doc",
              "path": "/nix/store/1ij71rygj6hap754rl06paavm1p58q82-just-1.39.0-doc"
            }
          ],
          "store_path": "/nix/store/nrna4lsqfbqppzi4rkqx1lxhz76a8dpf-just-1.39.0"
        },
        "x86_64-darwin": {
          "outputs": [
            {
              "name": "out",
              "path": "/nix/store/qcl4qqysrdl5b5mwni2gv9898sslfrrq-just-1.39.0",
              "default": true
            },
            {
              "name": "man",
              "path": "/nix/store/cwwg6hfcb9cylap9yl0b6lrrgp8cik9d-just-1.39.0-man",
              "default": true
            },
            {
              "name": "doc",
              "path": "/nix/store/xwbypyc4yxd98dgxgndi2fsg8jpi282b-just-1.39.0-doc"
            }
          ],
          "store_path": "/nix/store/qcl4qqysrdl5b5mwni2gv9898sslfrrq-just-1.39.0"
        },
        "x86_64-linux": {
          "outputs": [
            {
              "name": "out",
              "path": "/nix/store/xpk2z6s2p98pp6xm0zyl5f4x7aibw6vv-just-1.39.0",
              "default": true
            },
            {
              "name": "man",
              "path": "/nix/store/m7ab9fghr4zp84l02842n5b2j7xhgiyq-just-1.39.0-man",
              "default": true
            },
            {
              "name": "doc",
              "path": "/nix/store/3y8hj3rhxfhjmr96lcjx1q10cy8q070s-just-1.39.0-doc"
            }
          ],
          "store_path": "/nix/store/xpk2z6s2p98pp6xm0zyl5f4x7aibw6vv-just-1.39.0"
        }
      }
    },
    "vhs@latest": {
      "last_modified": "2025-03-13T11:38:39Z",
      "resolved": "github:NixOS/nixpkgs/573c650e8a14b2faa0041645ab18aed7e60f0c9a#vhs",
      "source": "devbox-search",
      "version": "0.9.0",
      "systems": {
        "aarch64-darwin": {
          "outputs": [
            {
              "name": "out",
              "path": "/nix/store/gfz57ggm8bwggnhb68d77k2yqw3dvr5s-vhs-0.9.0",
              "default": true
            }
          ],
          "store_path": "/nix/store/gfz57ggm8bwggnhb68d77k2yqw3dvr5s-vhs-0.9.0"
        },
        "aarch64-linux": {
          "outputs": [
            {
              "name": "out",
              "path": "/nix/store/6b4ms6snnbsa6g37vxjq7a9bgc1dji95-vhs-0.9.0",
              "default": true
            }
          ],
          "store_path": "/nix/store/6b4ms6snnbsa6g37vxjq7a9bgc1dji95-vhs-0.9.0"
        },
        "x86_64-darwin": {
          "outputs": [
            {
              "name": "out",
              "path": "/nix/store/71ijayr64jh1wy0f1zcfbpz563r62bbl-vhs-0.9.0",
              "default": true
            }
          ],
          "store_path": "/nix/store/71ijayr64jh1wy0f1zcfbpz563r62bbl-vhs-0.9.0"
        },
        "x86_64-linux": {
          "outputs": [
            {
              "name": "out",
              "path": "/nix/store/hs977qfw5j1whyab99jpnyvdnncxyha0-vhs-0.9.0",
              "default": true
            }
          ],
          "store_path": "/nix/store/hs977qfw5j1whyab99jpnyvdnncxyha0-vhs-0.9.0"
        }
      }
    }
  }
}
